# This file is automatically @generated by Cargo.
# It is not intended for manual editing.
version = 4

[[package]]
name = "anyhow"
version = "1.0.100"
source = "registry+https://github.com/rust-lang/crates.io-index"
checksum = "a23eb6b1614318a8071c9b2521f36b424b2c83db5eb3a0fead4a6c0809af6e61"

[[package]]
name = "day-1"
version = "1.0.0"

[[package]]
name = "day-2"
version = "1.0.0"

[[package]]
name = "day-3"
version = "1.0.0"
dependencies = [
 "anyhow",
]

[[package]]
name = "day-4"
version = "1.0.0"
dependencies = [
 "anyhow",
]

[[package]]
name = "day-5"
version = "1.0.0"
dependencies = [
 "anyhow",
]

[[package]]
name = "day-6"
version = "1.0.0"
dependencies = [
 "anyhow",
]

[[package]]
name = "day-7"
version = "1.0.0"
dependencies = [
 "anyhow",
]

[[package]]
name = "day-8"
version = "1.0.0"
dependencies = [
 "anyhow",
]

[[package]]
name = "day-9"
version = "1.0.0"
dependencies = [
 "anyhow",
]
